<Solution>
  <Folder Name="/Solution Items/">
    <File Path="Directory.Build.props" />
    <File Path="Directory.Packages.props" />
    <File Path="global.json" />
    <File Path="README.md" />
  </Folder>
  <Project Path="RhoMicro.ClassLibrary.Tests/RhoMicro.ClassLibrary.Tests.csproj" />
  <Project Path="RhoMicro.ClassLibrary/RhoMicro.ClassLibrary.csproj" />
</Solution>
